{
  "requires": true,
  "lockfileVersion": 1,
  "dependencies": {
    "stats-js": {
      "version": "1.0.0",
      "resolved": "https://registry.npmjs.org/stats-js/-/stats-js-1.0.0.tgz",
      "integrity": "sha512-Qhuj/FgQ0xzmP2/tKTXjJLpkvdy6Eh71CweupNDJjRuUUSeAXP6NLy8yNHtnSY0DsOigh8TdyixyOEzlZVPDOA=="
    }
  }
}
